
Microsoft Visual Studio Solution File, Format Version 12.00
# Visual Studio Version 17
VisualStudioVersion = 17.4.33205.214
MinimumVisualStudioVersion = 10.0.40219.1
Project("{FAE04EC0-301F-11D3-BF4B-00C04F79EFBC}") = "post-build-tool", "post-build-tool\post-build-tool.csproj", "{6AC79BA0-9EAA-465F-9587-090DF0CA66CF}"
EndProject
Global
	GlobalSection(SolutionConfigurationPlatforms) = preSolution
		Debug|Any CPU = Debug|Any CPU
		Release|Any CPU = Release|Any CPU
	EndGlobalSection
	GlobalSection(ProjectConfigurationPlatforms) = postSolution
		{6AC79BA0-9EAA-465F-9587-090DF0CA66CF}.Debug|Any CPU.ActiveCfg = Debug|Any CPU
		{6AC79BA0-9EAA-465F-9587-090DF0CA66CF}.Debug|Any CPU.Build.0 = Debug|Any CPU
		{6AC79BA0-9EAA-465F-9587-090DF0CA66CF}.Release|Any CPU.ActiveCfg = Release|Any CPU
		{6AC79BA0-9EAA-465F-9587-090DF0CA66CF}.Release|Any CPU.Build.0 = Release|Any CPU
	EndGlobalSection
	GlobalSection(SolutionProperties) = preSolution
		HideSolutionNode = FALSE
	EndGlobalSection
	GlobalSection(ExtensibilityGlobals) = postSolution
		SolutionGuid = {C870F8AC-3EB0-449B-9100-4BE33505A144}
	EndGlobalSection
EndGlobal
